
Microsoft Visual Studio Solution File, Format Version 12.00
# Visual Studio Version 16
VisualStudioVersion = 16.0.31005.135
MinimumVisualStudioVersion = 10.0.40219.1
Project("{FAE04EC0-301F-11D3-BF4B-00C04F79EFBC}") = "Chapter5", "Chapter5.csproj", "{176ED084-DA23-4262-9CE5-F8AED51B1A2E}"
EndProject
Global
	GlobalSection(SolutionConfigurationPlatforms) = preSolution
		Debug|Any CPU = Debug|Any CPU
		Release|Any CPU = Release|Any CPU
	EndGlobalSection
	GlobalSection(ProjectConfigurationPlatforms) = postSolution
		{176ED084-DA23-4262-9CE5-F8AED51B1A2E}.Debug|Any CPU.ActiveCfg = Debug|Any CPU
		{176ED084-DA23-4262-9CE5-F8AED51B1A2E}.Debug|Any CPU.Build.0 = Debug|Any CPU
		{176ED084-DA23-4262-9CE5-F8AED51B1A2E}.Release|Any CPU.ActiveCfg = Release|Any CPU
		{176ED084-DA23-4262-9CE5-F8AED51B1A2E}.Release|Any CPU.Build.0 = Release|Any CPU
	EndGlobalSection
	GlobalSection(SolutionProperties) = preSolution
		HideSolutionNode = FALSE
	EndGlobalSection
	GlobalSection(ExtensibilityGlobals) = postSolution
		SolutionGuid = {4B2C905F-F62A-44D0-AECA-9CC7055781D9}
	EndGlobalSection
EndGlobal
